
Microsoft Visual Studio Solution File, Format Version 12.00
# Visual Studio Version 16
VisualStudioVersion = 16.0.31515.178
MinimumVisualStudioVersion = 10.0.40219.1
Project("{FAE04EC0-301F-11D3-BF4B-00C04F79EFBC}") = "TddSession", "TddSession\TddSession.csproj", "{D0DD0406-C55D-420B-8580-7A3164EF4D18}"
EndProject
Project("{FAE04EC0-301F-11D3-BF4B-00C04F79EFBC}") = "TddSessionTest", "TddSessionTest\TddSessionTest.csproj", "{292A9F11-6BD6-4E2E-8E4B-229F71417A01}"
EndProject
Global
	GlobalSection(SolutionConfigurationPlatforms) = preSolution
		Debug|Any CPU = Debug|Any CPU
		Release|Any CPU = Release|Any CPU
	EndGlobalSection
	GlobalSection(ProjectConfigurationPlatforms) = postSolution
		{D0DD0406-C55D-420B-8580-7A3164EF4D18}.Debug|Any CPU.ActiveCfg = Debug|Any CPU
		{D0DD0406-C55D-420B-8580-7A3164EF4D18}.Debug|Any CPU.Build.0 = Debug|Any CPU
		{D0DD0406-C55D-420B-8580-7A3164EF4D18}.Release|Any CPU.ActiveCfg = Release|Any CPU
		{D0DD0406-C55D-420B-8580-7A3164EF4D18}.Release|Any CPU.Build.0 = Release|Any CPU
		{292A9F11-6BD6-4E2E-8E4B-229F71417A01}.Debug|Any CPU.ActiveCfg = Debug|Any CPU
		{292A9F11-6BD6-4E2E-8E4B-229F71417A01}.Debug|Any CPU.Build.0 = Debug|Any CPU
		{292A9F11-6BD6-4E2E-8E4B-229F71417A01}.Release|Any CPU.ActiveCfg = Release|Any CPU
		{292A9F11-6BD6-4E2E-8E4B-229F71417A01}.Release|Any CPU.Build.0 = Release|Any CPU
	EndGlobalSection
	GlobalSection(SolutionProperties) = preSolution
		HideSolutionNode = FALSE
	EndGlobalSection
	GlobalSection(ExtensibilityGlobals) = postSolution
		SolutionGuid = {CE3E4187-76E9-47DC-A435-0054FB140717}
	EndGlobalSection
EndGlobal
